{
  "name": "worker-node",
  "version": "1.0.0",
  "lockfileVersion": 3,
  "requires": true,
  "packages": {
    "": {
      "name": "worker-node",
      "version": "1.0.0",
      "license": "ISC",
      "dependencies": {
        "amqplib": "^1.0.3",
        "ws": "^8.20.0"
      }
    },
    "node_modules/amqplib": {
      "version": "1.0.3",
      "resolved": "https://registry.npmjs.org/amqplib/-/amqplib-1.0.3.tgz",
      "integrity": "sha512-nsrXa59tvX4HPjPPW8JJGuBb/Db0MOq3DOhGdSbIY7bTsQDMV2fmF9c3i74g/8Gt9+QWyrxfEPppOOoV9lK1uQ==",
      "license": "MIT",
      "dependencies": {
        "buffer-more-ints": "~1.0.0"
      },
      "engines": {
        "node": ">=18"
      }
    },
    "node_modules/buffer-more-ints": {
      "version": "1.0.0",
      "resolved": "https://registry.npmjs.org/buffer-more-ints/-/buffer-more-ints-1.0.0.tgz",
      "integrity": "sha512-EMetuGFz5SLsT0QTnXzINh4Ksr+oo4i+UGTXEshiGCQWnsgSs7ZhJ8fzlwQ+OzEMs0MpDAMr1hxnblp5a4vcHg==",
      "license": "MIT"
    },
    "node_modules/ws": {
      "version": "8.20.0",
      "resolved": "https://registry.npmjs.org/ws/-/ws-8.20.0.tgz",
      "integrity": "sha512-sAt8BhgNbzCtgGbt2OxmpuryO63ZoDk/sqaB/znQm94T4fCEsy/yV+7CdC1kJhOU9lboAEU7R3kquuycDoibVA==",
      "license": "MIT",
      "engines": {
        "node": ">=10.0.0"
      },
      "peerDependencies": {
        "bufferutil": "^4.0.1",
        "utf-8-validate": ">=5.0.2"
      },
      "peerDependenciesMeta": {
        "bufferutil": {
          "optional": true
        },
        "utf-8-validate": {
          "optional": true
        }
      }
    }
  }
}
